<?xml version="1.0" encoding="utf-8"?>
<Project ToolsVersion="4.0" xmlns="http://schemas.microsoft.com/developer/msbuild/2003">
  <ItemGroup>
    <ClCompile Include="..\source\CompileUnit_1.cpp" />
    <ClCompile Include="..\source\Engine.cpp" />
    <ClCompile Include="..\source\GameStateSystem.cpp">
      <Filter>Systems\GameStateSystem</Filter>
    </ClCompile>
    <ClCompile Include="..\source\GraphicsSystem.cpp">
      <Filter>Systems\GraphicsSystem</Filter>
    </ClCompile>
    <ClCompile Include="..\source\irrlicht\IrrGraphicsSystem.cpp">
      <Filter>Systems\GraphicsSystem</Filter>
    </ClCompile>
    <ClCompile Include="..\source\LogMgr.cpp">
      <Filter>Systems\LogSystem</Filter>
    </ClCompile>
    <ClCompile Include="..\source\PhysicsSystem.cpp">
      <Filter>Systems\PhysicsSystem</Filter>
    </ClCompile>
    <ClCompile Include="..\source\ComponentSystem.cpp">
      <Filter>Systems\ComponentSystem</Filter>
    </ClCompile>
    <ClCompile Include="..\source\EntitySystem.cpp">
      <Filter>Systems\ComponentSystem</Filter>
    </ClCompile>
    <ClCompile Include="..\source\GenericEntity.cpp">
      <Filter>Systems\ComponentSystem</Filter>
    </ClCompile>
    <ClCompile Include="..\source\AsyncTaskDispatcher.cpp">
      <Filter>Systems\EventSystem</Filter>
    </ClCompile>
    <ClCompile Include="..\source\EventScheduler.cpp">
      <Filter>Systems\EventSystem</Filter>
    </ClCompile>
    <ClCompile Include="..\source\InboxQueue.cpp">
      <Filter>Systems\EventSystem</Filter>
    </ClCompile>
    <ClCompile Include="..\source\box2D\B2DebugDrawIrr.cpp">
      <Filter>Systems\PhysicsSystem</Filter>
    </ClCompile>
    <ClCompile Include="..\source\box2D\Box2DPhysicsSystem.cpp">
      <Filter>Systems\PhysicsSystem</Filter>
    </ClCompile>
    <ClCompile Include="..\source\components\RenderComponent.cpp">
      <Filter>Components</Filter>
    </ClCompile>
    <ClCompile Include="..\source\components\PhysicComponent.cpp">
      <Filter>Components</Filter>
    </ClCompile>
  </ItemGroup>
  <ItemGroup>
    <ClInclude Include="..\source\Engine.h" />
    <ClInclude Include="..\source\BaseGameState.h">
      <Filter>Systems\GameStateSystem</Filter>
    </ClInclude>
    <ClInclude Include="..\source\GameStateSystem.h">
      <Filter>Systems\GameStateSystem</Filter>
    </ClInclude>
    <ClInclude Include="..\source\GraphicsSystem.h">
      <Filter>Systems\GraphicsSystem</Filter>
    </ClInclude>
    <ClInclude Include="..\source\irrlicht\IrrGraphicsSystem.h">
      <Filter>Systems\GraphicsSystem</Filter>
    </ClInclude>
    <ClInclude Include="..\source\LogMgr.h">
      <Filter>Systems\LogSystem</Filter>
    </ClInclude>
    <ClInclude Include="..\source\PhysicsSystem.h">
      <Filter>Systems\PhysicsSystem</Filter>
    </ClInclude>
    <ClInclude Include="..\source\RTTI.h">
      <Filter>Foundation</Filter>
    </ClInclude>
    <ClInclude Include="..\source\Platform.h">
      <Filter>Foundation</Filter>
    </ClInclude>
    <ClInclude Include="..\source\IPakalApplication.h">
      <Filter>Foundation</Filter>
    </ClInclude>
    <ClInclude Include="..\source\Config.h">
      <Filter>Foundation</Filter>
    </ClInclude>
    <ClInclude Include="..\source\ComponentSystem.h">
      <Filter>Systems\ComponentSystem</Filter>
    </ClInclude>
    <ClInclude Include="..\source\EntitySystem.h">
      <Filter>Systems\ComponentSystem</Filter>
    </ClInclude>
    <ClInclude Include="..\source\IComponent.h">
      <Filter>Systems\ComponentSystem</Filter>
    </ClInclude>
    <ClInclude Include="..\source\IComponentFactory.h">
      <Filter>Systems\ComponentSystem</Filter>
    </ClInclude>
    <ClInclude Include="..\source\IComponentProvider.h">
      <Filter>Foundation</Filter>
    </ClInclude>
    <ClInclude Include="..\source\IEntity.h">
      <Filter>Systems\ComponentSystem</Filter>
    </ClInclude>
    <ClInclude Include="..\source\GenericEntity.h">
      <Filter>Systems\ComponentSystem</Filter>
    </ClInclude>
    <ClInclude Include="..\source\AsyncTaskDispatcher.h">
      <Filter>Systems\EventSystem</Filter>
    </ClInclude>
    <ClInclude Include="..\source\EventScheduler.h">
      <Filter>Systems\EventSystem</Filter>
    </ClInclude>
    <ClInclude Include="..\source\InboxQueue.h">
      <Filter>Systems\EventSystem</Filter>
    </ClInclude>
    <ClInclude Include="..\source\BasicTask.h">
      <Filter>Systems\EventSystem</Filter>
    </ClInclude>
    <ClInclude Include="..\source\Event.h">
      <Filter>Systems\EventSystem</Filter>
    </ClInclude>
    <ClInclude Include="..\source\Task.h">
      <Filter>Systems\EventSystem</Filter>
    </ClInclude>
    <ClInclude Include="..\source\box2D\B2DebugDrawIrr.h">
      <Filter>Systems\PhysicsSystem</Filter>
    </ClInclude>
    <ClInclude Include="..\source\box2D\Box2DPhysicsSystem.h">
      <Filter>Systems\PhysicsSystem</Filter>
    </ClInclude>
    <ClInclude Include="..\source\components\RenderComponent.h">
      <Filter>Components</Filter>
    </ClInclude>
    <ClInclude Include="..\source\box2D\Box2DPhysicsListeners.h">
      <Filter>Systems\PhysicsSystem</Filter>
    </ClInclude>
    <ClInclude Include="..\source\IDebugDrawer.h">
      <Filter>Systems\GraphicsSystem</Filter>
    </ClInclude>
    <ClInclude Include="..\source\irrlicht\IrrRendererInfo.h">
      <Filter>Systems\GraphicsSystem</Filter>
    </ClInclude>
    <ClInclude Include="..\source\components\PhysicComponent.h">
      <Filter>Components</Filter>
    </ClInclude>
  </ItemGroup>
  <ItemGroup>
    <Filter Include="Systems">
      <UniqueIdentifier>{419fd1b0-3d43-44dd-ba4e-60d13d870417}</UniqueIdentifier>
    </Filter>
    <Filter Include="Systems\GameStateSystem">
      <UniqueIdentifier>{a51f6029-8d1d-4e6f-9541-382654dee482}</UniqueIdentifier>
    </Filter>
    <Filter Include="Systems\GraphicsSystem">
      <UniqueIdentifier>{e84a9c28-03ec-4bc5-9cc2-3310f8f9b6c7}</UniqueIdentifier>
    </Filter>
    <Filter Include="Systems\EventSystem">
      <UniqueIdentifier>{c8ecabd8-79e1-4f04-8a81-f385f1a316ff}</UniqueIdentifier>
    </Filter>
    <Filter Include="Systems\LogSystem">
      <UniqueIdentifier>{1e5c0fce-70c0-4021-804e-7881f3ad741b}</UniqueIdentifier>
    </Filter>
    <Filter Include="Systems\PhysicsSystem">
      <UniqueIdentifier>{d4b08ee1-65c9-4335-ab85-c8dbcff602ed}</UniqueIdentifier>
    </Filter>
    <Filter Include="Foundation">
      <UniqueIdentifier>{3d9176a9-4c65-46ce-b0c5-98cfe337a95c}</UniqueIdentifier>
    </Filter>
    <Filter Include="Systems\ComponentSystem">
      <UniqueIdentifier>{89ad1491-0c07-4861-8801-631c814f94c0}</UniqueIdentifier>
    </Filter>
    <Filter Include="Components">
      <UniqueIdentifier>{90d31d91-eae7-4171-880a-b865ec374056}</UniqueIdentifier>
    </Filter>
  </ItemGroup>
</Project>